
Microsoft Visual Studio Solution File, Format Version 12.00
# Visual Studio Version 16
VisualStudioVersion = 16.0.31321.278
MinimumVisualStudioVersion = 10.0.40219.1
Project("{FAE04EC0-301F-11D3-BF4B-00C04F79EFBC}") = "az_400", "az_400\az_400.csproj", "{B3E7120B-6B8F-493A-8B1E-D86A43F2E70B}"
EndProject
Global
	GlobalSection(SolutionConfigurationPlatforms) = preSolution
		Debug|Any CPU = Debug|Any CPU
		Release|Any CPU = Release|Any CPU
	EndGlobalSection
	GlobalSection(ProjectConfigurationPlatforms) = postSolution
		{B3E7120B-6B8F-493A-8B1E-D86A43F2E70B}.Debug|Any CPU.ActiveCfg = Debug|Any CPU
		{B3E7120B-6B8F-493A-8B1E-D86A43F2E70B}.Debug|Any CPU.Build.0 = Debug|Any CPU
		{B3E7120B-6B8F-493A-8B1E-D86A43F2E70B}.Release|Any CPU.ActiveCfg = Release|Any CPU
		{B3E7120B-6B8F-493A-8B1E-D86A43F2E70B}.Release|Any CPU.Build.0 = Release|Any CPU
	EndGlobalSection
	GlobalSection(SolutionProperties) = preSolution
		HideSolutionNode = FALSE
	EndGlobalSection
	GlobalSection(ExtensibilityGlobals) = postSolution
		SolutionGuid = {31867C4F-F0FF-4896-9DB9-659DC515DA13}
	EndGlobalSection
EndGlobal
